// !$*UTF8*$!
{
	archiveVersion = 1;
	classes = {
	};
	objectVersion = 56;
	objects = {

/* Begin PBXBuildFile section */
		52C0E41228E71CFF0058A830 /* Assets.xcassets in Resources */ = {isa = PBXBuildFile; fileRef = 52C0E41128E71CFF0058A830 /* Assets.xcassets */; };
		52C0E41528E71CFF0058A830 /* Preview Assets.xcassets in Resources */ = {isa = PBXBuildFile; fileRef = 52C0E41428E71CFF0058A830 /* Preview Assets.xcassets */; };
		52C0E41D28E722250058A830 /* ProductCellView.swift in Sources */ = {isa = PBXBuildFile; fileRef = 52C0E41C28E722250058A830 /* ProductCellView.swift */; };
		52C0E42228E725910058A830 /* ThemeManager.swift in Sources */ = {isa = PBXBuildFile; fileRef = 52C0E42128E725910058A830 /* ThemeManager.swift */; };
		52C0E42628E7274B0058A830 /* HomeView.swift in Sources */ = {isa = PBXBuildFile; fileRef = 52C0E42528E7274B0058A830 /* HomeView.swift */; };
		52C0E42828E72B830058A830 /* TagView.swift in Sources */ = {isa = PBXBuildFile; fileRef = 52C0E42728E72B830058A830 /* TagView.swift */; };
		52C0E42A28E72D130058A830 /* Color+Extension.swift in Sources */ = {isa = PBXBuildFile; fileRef = 52C0E42928E72D130058A830 /* Color+Extension.swift */; };
		52C0E42C28E730970058A830 /* FlexibleView.swift in Sources */ = {isa = PBXBuildFile; fileRef = 52C0E42B28E730970058A830 /* FlexibleView.swift */; };
		52C0E42E28E739650058A830 /* View+Extension.swift in Sources */ = {isa = PBXBuildFile; fileRef = 52C0E42D28E739650058A830 /* View+Extension.swift */; };
		52C0E43128E75B320058A830 /* ProductDetailsView.swift in Sources */ = {isa = PBXBuildFile; fileRef = 52C0E43028E75B320058A830 /* ProductDetailsView.swift */; };
		52C0E43328E75CC90058A830 /* ButtonView.swift in Sources */ = {isa = PBXBuildFile; fileRef = 52C0E43228E75CC90058A830 /* ButtonView.swift */; };
		52C0E43628E765990058A830 /* XCoordinator in Frameworks */ = {isa = PBXBuildFile; productRef = 52C0E43528E765990058A830 /* XCoordinator */; };
		52C0E43828E765990058A830 /* XCoordinatorCombine in Frameworks */ = {isa = PBXBuildFile; productRef = 52C0E43728E765990058A830 /* XCoordinatorCombine */; };
		52C0E43A28E765C00058A830 /* HomeCoordinator.swift in Sources */ = {isa = PBXBuildFile; fileRef = 52C0E43928E765C00058A830 /* HomeCoordinator.swift */; };
		52C0E43D28E84A5D0058A830 /* SceneDelegate.swift in Sources */ = {isa = PBXBuildFile; fileRef = 52C0E43C28E84A5D0058A830 /* SceneDelegate.swift */; };
		52C0E43F28E84A860058A830 /* AppDelegate.swift in Sources */ = {isa = PBXBuildFile; fileRef = 52C0E43E28E84A860058A830 /* AppDelegate.swift */; };
		52C0E44128E84E7E0058A830 /* HomeViewModel.swift in Sources */ = {isa = PBXBuildFile; fileRef = 52C0E44028E84E7E0058A830 /* HomeViewModel.swift */; };
		52C0E44428E84F490058A830 /* NavigationBarView.swift in Sources */ = {isa = PBXBuildFile; fileRef = 52C0E44328E84F490058A830 /* NavigationBarView.swift */; };
		52C0E44828E859CF0058A830 /* RequestManager.swift in Sources */ = {isa = PBXBuildFile; fileRef = 52C0E44728E859CF0058A830 /* RequestManager.swift */; };
		52C0E44A28E85A350058A830 /* ServiceManager.swift in Sources */ = {isa = PBXBuildFile; fileRef = 52C0E44928E85A350058A830 /* ServiceManager.swift */; };
		52C0E44D28E85B750058A830 /* ItmesService.swift in Sources */ = {isa = PBXBuildFile; fileRef = 52C0E44C28E85B750058A830 /* ItmesService.swift */; };
		52C0E45028E85BAC0058A830 /* Item.swift in Sources */ = {isa = PBXBuildFile; fileRef = 52C0E44F28E85BAC0058A830 /* Item.swift */; };
		52C0E45228E85D300058A830 /* ItemsResponse.swift in Sources */ = {isa = PBXBuildFile; fileRef = 52C0E45128E85D300058A830 /* ItemsResponse.swift */; };
		52C0E45428E860850058A830 /* UrlImageView.swift in Sources */ = {isa = PBXBuildFile; fileRef = 52C0E45328E860850058A830 /* UrlImageView.swift */; };
		52C0E45628E862080058A830 /* ApiLogger.swift in Sources */ = {isa = PBXBuildFile; fileRef = 52C0E45528E862080058A830 /* ApiLogger.swift */; };
		52C0E45A28E880880058A830 /* ProductCellViewModel.swift in Sources */ = {isa = PBXBuildFile; fileRef = 52C0E45928E880880058A830 /* ProductCellViewModel.swift */; };
		52C0E45D28E882A20058A830 /* BookmarkButtonView.swift in Sources */ = {isa = PBXBuildFile; fileRef = 52C0E45C28E882A20058A830 /* BookmarkButtonView.swift */; };
		52C0E45F28E8918E0058A830 /* ProductDetailsViewModel.swift in Sources */ = {isa = PBXBuildFile; fileRef = 52C0E45E28E8918E0058A830 /* ProductDetailsViewModel.swift */; };
		52C0E46228E893830058A830 /* WishlistViewModel.swift in Sources */ = {isa = PBXBuildFile; fileRef = 52C0E46128E893830058A830 /* WishlistViewModel.swift */; };
		52C0E46428E893920058A830 /* WishlistView.swift in Sources */ = {isa = PBXBuildFile; fileRef = 52C0E46328E893920058A830 /* WishlistView.swift */; };
		52C0E46628E8945D0058A830 /* itemsListView.swift in Sources */ = {isa = PBXBuildFile; fileRef = 52C0E46528E8945D0058A830 /* itemsListView.swift */; };
		52C0E46928E894790058A830 /* ItemsListViewModel.swift in Sources */ = {isa = PBXBuildFile; fileRef = 52C0E46828E894790058A830 /* ItemsListViewModel.swift */; };
		52C0E47328E897570058A830 /* Animation+Swirl.swift in Sources */ = {isa = PBXBuildFile; fileRef = 52C0E46B28E897570058A830 /* Animation+Swirl.swift */; };
		52C0E47428E897570058A830 /* Animation+Navigation.swift in Sources */ = {isa = PBXBuildFile; fileRef = 52C0E46C28E897570058A830 /* Animation+Navigation.swift */; };
		52C0E47528E897570058A830 /* Transactions.swift in Sources */ = {isa = PBXBuildFile; fileRef = 52C0E46D28E897570058A830 /* Transactions.swift */; };
		52C0E47628E897570058A830 /* TransitionAnimation+Defaults.swift in Sources */ = {isa = PBXBuildFile; fileRef = 52C0E46E28E897570058A830 /* TransitionAnimation+Defaults.swift */; };
		52C0E47728E897570058A830 /* Animation+Modal.swift in Sources */ = {isa = PBXBuildFile; fileRef = 52C0E46F28E897570058A830 /* Animation+Modal.swift */; };
		52C0E47828E897570058A830 /* CGAffineTransform+InPlace.swift in Sources */ = {isa = PBXBuildFile; fileRef = 52C0E47028E897570058A830 /* CGAffineTransform+InPlace.swift */; };
		52C0E47928E897570058A830 /* Animation+Fade.swift in Sources */ = {isa = PBXBuildFile; fileRef = 52C0E47128E897570058A830 /* Animation+Fade.swift */; };
		52C0E47A28E897570058A830 /* Animation+Scale.swift in Sources */ = {isa = PBXBuildFile; fileRef = 52C0E47228E897570058A830 /* Animation+Scale.swift */; };
		52C0E47C28E89D010058A830 /* H1.swift in Sources */ = {isa = PBXBuildFile; fileRef = 52C0E47B28E89D010058A830 /* H1.swift */; };
		52C0E47E28E89D410058A830 /* H2.swift in Sources */ = {isa = PBXBuildFile; fileRef = 52C0E47D28E89D410058A830 /* H2.swift */; };
		52C0E48028E89DCC0058A830 /* P.swift in Sources */ = {isa = PBXBuildFile; fileRef = 52C0E47F28E89DCC0058A830 /* P.swift */; };
		52C0E48228E8D3720058A830 /* Storage.swift in Sources */ = {isa = PBXBuildFile; fileRef = 52C0E48128E8D3720058A830 /* Storage.swift */; };
		52C0E48428E8DE0B0058A830 /* WishlistRowView.swift in Sources */ = {isa = PBXBuildFile; fileRef = 52C0E48328E8DE0B0058A830 /* WishlistRowView.swift */; };
		52C0E48628E8E1590058A830 /* RemoveButton.swift in Sources */ = {isa = PBXBuildFile; fileRef = 52C0E48528E8E1590058A830 /* RemoveButton.swift */; };
		52C0E48828E8E4660058A830 /* Seperator.swift in Sources */ = {isa = PBXBuildFile; fileRef = 52C0E48728E8E4660058A830 /* Seperator.swift */; };
		52C0E48A28E8E8100058A830 /* ProgressIndecatorView.swift in Sources */ = {isa = PBXBuildFile; fileRef = 52C0E48928E8E8100058A830 /* ProgressIndecatorView.swift */; };
		52C0E48C28E8FB4A0058A830 /* WishlistCoordinator.swift in Sources */ = {isa = PBXBuildFile; fileRef = 52C0E48B28E8FB4A0058A830 /* WishlistCoordinator.swift */; };
/* End PBXBuildFile section */

/* Begin PBXFileReference section */
		52C0E40A28E71CFC0058A830 /* levelShoesTest.app */ = {isa = PBXFileReference; explicitFileType = wrapper.application; includeInIndex = 0; path = levelShoesTest.app; sourceTree = BUILT_PRODUCTS_DIR; };
		52C0E41128E71CFF0058A830 /* Assets.xcassets */ = {isa = PBXFileReference; lastKnownFileType = folder.assetcatalog; path = Assets.xcassets; sourceTree = "<group>"; };
		52C0E41428E71CFF0058A830 /* Preview Assets.xcassets */ = {isa = PBXFileReference; lastKnownFileType = folder.assetcatalog; path = "Preview Assets.xcassets"; sourceTree = "<group>"; };
		52C0E41C28E722250058A830 /* ProductCellView.swift */ = {isa = PBXFileReference; lastKnownFileType = sourcecode.swift; path = ProductCellView.swift; sourceTree = "<group>"; };
		52C0E42128E725910058A830 /* ThemeManager.swift */ = {isa = PBXFileReference; lastKnownFileType = sourcecode.swift; path = ThemeManager.swift; sourceTree = "<group>"; };
		52C0E42528E7274B0058A830 /* HomeView.swift */ = {isa = PBXFileReference; lastKnownFileType = sourcecode.swift; path = HomeView.swift; sourceTree = "<group>"; };
		52C0E42728E72B830058A830 /* TagView.swift */ = {isa = PBXFileReference; lastKnownFileType = sourcecode.swift; path = TagView.swift; sourceTree = "<group>"; };
		52C0E42928E72D130058A830 /* Color+Extension.swift */ = {isa = PBXFileReference; lastKnownFileType = sourcecode.swift; path = "Color+Extension.swift"; sourceTree = "<group>"; };
		52C0E42B28E730970058A830 /* FlexibleView.swift */ = {isa = PBXFileReference; lastKnownFileType = sourcecode.swift; path = FlexibleView.swift; sourceTree = "<group>"; };
		52C0E42D28E739650058A830 /* View+Extension.swift */ = {isa = PBXFileReference; lastKnownFileType = sourcecode.swift; path = "View+Extension.swift"; sourceTree = "<group>"; };
		52C0E43028E75B320058A830 /* ProductDetailsView.swift */ = {isa = PBXFileReference; lastKnownFileType = sourcecode.swift; path = ProductDetailsView.swift; sourceTree = "<group>"; };
		52C0E43228E75CC90058A830 /* ButtonView.swift */ = {isa = PBXFileReference; lastKnownFileType = sourcecode.swift; path = ButtonView.swift; sourceTree = "<group>"; };
		52C0E43928E765C00058A830 /* HomeCoordinator.swift */ = {isa = PBXFileReference; lastKnownFileType = sourcecode.swift; path = HomeCoordinator.swift; sourceTree = "<group>"; };
		52C0E43B28E847880058A830 /* Info.plist */ = {isa = PBXFileReference; lastKnownFileType = text.plist; path = Info.plist; sourceTree = "<group>"; };
		52C0E43C28E84A5D0058A830 /* SceneDelegate.swift */ = {isa = PBXFileReference; lastKnownFileType = sourcecode.swift; path = SceneDelegate.swift; sourceTree = "<group>"; };
		52C0E43E28E84A860058A830 /* AppDelegate.swift */ = {isa = PBXFileReference; lastKnownFileType = sourcecode.swift; path = AppDelegate.swift; sourceTree = "<group>"; };
		52C0E44028E84E7E0058A830 /* HomeViewModel.swift */ = {isa = PBXFileReference; lastKnownFileType = sourcecode.swift; path = HomeViewModel.swift; sourceTree = "<group>"; };
		52C0E44328E84F490058A830 /* NavigationBarView.swift */ = {isa = PBXFileReference; lastKnownFileType = sourcecode.swift; path = NavigationBarView.swift; sourceTree = "<group>"; };
		52C0E44728E859CF0058A830 /* RequestManager.swift */ = {isa = PBXFileReference; lastKnownFileType = sourcecode.swift; path = RequestManager.swift; sourceTree = "<group>"; };
		52C0E44928E85A350058A830 /* ServiceManager.swift */ = {isa = PBXFileReference; lastKnownFileType = sourcecode.swift; path = ServiceManager.swift; sourceTree = "<group>"; };
		52C0E44C28E85B750058A830 /* ItmesService.swift */ = {isa = PBXFileReference; lastKnownFileType = sourcecode.swift; path = ItmesService.swift; sourceTree = "<group>"; };
		52C0E44F28E85BAC0058A830 /* Item.swift */ = {isa = PBXFileReference; lastKnownFileType = sourcecode.swift; path = Item.swift; sourceTree = "<group>"; };
		52C0E45128E85D300058A830 /* ItemsResponse.swift */ = {isa = PBXFileReference; lastKnownFileType = sourcecode.swift; path = ItemsResponse.swift; sourceTree = "<group>"; };
		52C0E45328E860850058A830 /* UrlImageView.swift */ = {isa = PBXFileReference; lastKnownFileType = sourcecode.swift; path = UrlImageView.swift; sourceTree = "<group>"; };
		52C0E45528E862080058A830 /* ApiLogger.swift */ = {isa = PBXFileReference; lastKnownFileType = sourcecode.swift; path = ApiLogger.swift; sourceTree = "<group>"; };
		52C0E45928E880880058A830 /* ProductCellViewModel.swift */ = {isa = PBXFileReference; lastKnownFileType = sourcecode.swift; path = ProductCellViewModel.swift; sourceTree = "<group>"; };
		52C0E45C28E882A20058A830 /* BookmarkButtonView.swift */ = {isa = PBXFileReference; lastKnownFileType = sourcecode.swift; path = BookmarkButtonView.swift; sourceTree = "<group>"; };
		52C0E45E28E8918E0058A830 /* ProductDetailsViewModel.swift */ = {isa = PBXFileReference; lastKnownFileType = sourcecode.swift; path = ProductDetailsViewModel.swift; sourceTree = "<group>"; };
		52C0E46128E893830058A830 /* WishlistViewModel.swift */ = {isa = PBXFileReference; lastKnownFileType = sourcecode.swift; path = WishlistViewModel.swift; sourceTree = "<group>"; };
		52C0E46328E893920058A830 /* WishlistView.swift */ = {isa = PBXFileReference; lastKnownFileType = sourcecode.swift; path = WishlistView.swift; sourceTree = "<group>"; };
		52C0E46528E8945D0058A830 /* itemsListView.swift */ = {isa = PBXFileReference; lastKnownFileType = sourcecode.swift; path = itemsListView.swift; sourceTree = "<group>"; };
		52C0E46828E894790058A830 /* ItemsListViewModel.swift */ = {isa = PBXFileReference; lastKnownFileType = sourcecode.swift; path = ItemsListViewModel.swift; sourceTree = "<group>"; };
		52C0E46B28E897570058A830 /* Animation+Swirl.swift */ = {isa = PBXFileReference; fileEncoding = 4; lastKnownFileType = sourcecode.swift; path = "Animation+Swirl.swift"; sourceTree = "<group>"; };
		52C0E46C28E897570058A830 /* Animation+Navigation.swift */ = {isa = PBXFileReference; fileEncoding = 4; lastKnownFileType = sourcecode.swift; path = "Animation+Navigation.swift"; sourceTree = "<group>"; };
		52C0E46D28E897570058A830 /* Transactions.swift */ = {isa = PBXFileReference; fileEncoding = 4; lastKnownFileType = sourcecode.swift; path = Transactions.swift; sourceTree = "<group>"; };
		52C0E46E28E897570058A830 /* TransitionAnimation+Defaults.swift */ = {isa = PBXFileReference; fileEncoding = 4; lastKnownFileType = sourcecode.swift; path = "TransitionAnimation+Defaults.swift"; sourceTree = "<group>"; };
		52C0E46F28E897570058A830 /* Animation+Modal.swift */ = {isa = PBXFileReference; fileEncoding = 4; lastKnownFileType = sourcecode.swift; path = "Animation+Modal.swift"; sourceTree = "<group>"; };
		52C0E47028E897570058A830 /* CGAffineTransform+InPlace.swift */ = {isa = PBXFileReference; fileEncoding = 4; lastKnownFileType = sourcecode.swift; path = "CGAffineTransform+InPlace.swift"; sourceTree = "<group>"; };
		52C0E47128E897570058A830 /* Animation+Fade.swift */ = {isa = PBXFileReference; fileEncoding = 4; lastKnownFileType = sourcecode.swift; path = "Animation+Fade.swift"; sourceTree = "<group>"; };
		52C0E47228E897570058A830 /* Animation+Scale.swift */ = {isa = PBXFileReference; fileEncoding = 4; lastKnownFileType = sourcecode.swift; path = "Animation+Scale.swift"; sourceTree = "<group>"; };
		52C0E47B28E89D010058A830 /* H1.swift */ = {isa = PBXFileReference; lastKnownFileType = sourcecode.swift; path = H1.swift; sourceTree = "<group>"; };
		52C0E47D28E89D410058A830 /* H2.swift */ = {isa = PBXFileReference; lastKnownFileType = sourcecode.swift; path = H2.swift; sourceTree = "<group>"; };
		52C0E47F28E89DCC0058A830 /* P.swift */ = {isa = PBXFileReference; lastKnownFileType = sourcecode.swift; path = P.swift; sourceTree = "<group>"; };
		52C0E48128E8D3720058A830 /* Storage.swift */ = {isa = PBXFileReference; lastKnownFileType = sourcecode.swift; path = Storage.swift; sourceTree = "<group>"; };
		52C0E48328E8DE0B0058A830 /* WishlistRowView.swift */ = {isa = PBXFileReference; lastKnownFileType = sourcecode.swift; path = WishlistRowView.swift; sourceTree = "<group>"; };
		52C0E48528E8E1590058A830 /* RemoveButton.swift */ = {isa = PBXFileReference; lastKnownFileType = sourcecode.swift; path = RemoveButton.swift; sourceTree = "<group>"; };
		52C0E48728E8E4660058A830 /* Seperator.swift */ = {isa = PBXFileReference; lastKnownFileType = sourcecode.swift; path = Seperator.swift; sourceTree = "<group>"; };
		52C0E48928E8E8100058A830 /* ProgressIndecatorView.swift */ = {isa = PBXFileReference; lastKnownFileType = sourcecode.swift; path = ProgressIndecatorView.swift; sourceTree = "<group>"; };
		52C0E48B28E8FB4A0058A830 /* WishlistCoordinator.swift */ = {isa = PBXFileReference; lastKnownFileType = sourcecode.swift; path = WishlistCoordinator.swift; sourceTree = "<group>"; };
/* End PBXFileReference section */

/* Begin PBXFrameworksBuildPhase section */
		52C0E40728E71CFC0058A830 /* Frameworks */ = {
			isa = PBXFrameworksBuildPhase;
			buildActionMask = 2147483647;
			files = (
				52C0E43828E765990058A830 /* XCoordinatorCombine in Frameworks */,
				52C0E43628E765990058A830 /* XCoordinator in Frameworks */,
			);
			runOnlyForDeploymentPostprocessing = 0;
		};
/* End PBXFrameworksBuildPhase section */

/* Begin PBXGroup section */
		52C0E40128E71CFC0058A830 = {
			isa = PBXGroup;
			children = (
				52C0E40C28E71CFC0058A830 /* levelShoesTest */,
				52C0E40B28E71CFC0058A830 /* Products */,
			);
			sourceTree = "<group>";
		};
		52C0E40B28E71CFC0058A830 /* Products */ = {
			isa = PBXGroup;
			children = (
				52C0E40A28E71CFC0058A830 /* levelShoesTest.app */,
			);
			name = Products;
			sourceTree = "<group>";
		};
		52C0E40C28E71CFC0058A830 /* levelShoesTest */ = {
			isa = PBXGroup;
			children = (
				52C0E45828E880190058A830 /* Coordinators */,
				52C0E44528E859990058A830 /* Network */,
				52C0E42328E727270058A830 /* Scenes */,
				52C0E42028E7257D0058A830 /* Shared */,
				52C0E41F28E725230058A830 /* Extensions */,
				52C0E41128E71CFF0058A830 /* Assets.xcassets */,
				52C0E41328E71CFF0058A830 /* Preview Content */,
				52C0E43C28E84A5D0058A830 /* SceneDelegate.swift */,
				52C0E43E28E84A860058A830 /* AppDelegate.swift */,
				52C0E43B28E847880058A830 /* Info.plist */,
			);
			path = levelShoesTest;
			sourceTree = "<group>";
		};
		52C0E41328E71CFF0058A830 /* Preview Content */ = {
			isa = PBXGroup;
			children = (
				52C0E41428E71CFF0058A830 /* Preview Assets.xcassets */,
			);
			path = "Preview Content";
			sourceTree = "<group>";
		};
		52C0E41B28E721C40058A830 /* Components */ = {
			isa = PBXGroup;
			children = (
				52C0E45B28E8828D0058A830 /* Buttons */,
				52C0E44228E84F300058A830 /* NavigationBar */,
				52C0E41E28E724090058A830 /* Topography */,
				52C0E42728E72B830058A830 /* TagView.swift */,
				52C0E42B28E730970058A830 /* FlexibleView.swift */,
				52C0E45328E860850058A830 /* UrlImageView.swift */,
				52C0E48728E8E4660058A830 /* Seperator.swift */,
				52C0E48928E8E8100058A830 /* ProgressIndecatorView.swift */,
			);
			path = Components;
			sourceTree = "<group>";
		};
		52C0E41E28E724090058A830 /* Topography */ = {
			isa = PBXGroup;
			children = (
				52C0E47B28E89D010058A830 /* H1.swift */,
				52C0E47D28E89D410058A830 /* H2.swift */,
				52C0E47F28E89DCC0058A830 /* P.swift */,
			);
			path = Topography;
			sourceTree = "<group>";
		};
		52C0E41F28E725230058A830 /* Extensions */ = {
			isa = PBXGroup;
			children = (
				52C0E46A28E897570058A830 /* Animation+Extentions */,
				52C0E42928E72D130058A830 /* Color+Extension.swift */,
				52C0E42D28E739650058A830 /* View+Extension.swift */,
			);
			path = Extensions;
			sourceTree = "<group>";
		};
		52C0E42028E7257D0058A830 /* Shared */ = {
			isa = PBXGroup;
			children = (
				52C0E48E28E900E00058A830 /* Utilities */,
				52C0E48D28E900B90058A830 /* Theme */,
				52C0E41B28E721C40058A830 /* Components */,
			);
			path = Shared;
			sourceTree = "<group>";
		};
		52C0E42328E727270058A830 /* Scenes */ = {
			isa = PBXGroup;
			children = (
				52C0E46728E894630058A830 /* ItemsList */,
				52C0E46028E893720058A830 /* Wishlist */,
				52C0E42F28E749EE0058A830 /* ProductDetails */,
				52C0E42428E7273C0058A830 /* Home */,
			);
			path = Scenes;
			sourceTree = "<group>";
		};
		52C0E42428E7273C0058A830 /* Home */ = {
			isa = PBXGroup;
			children = (
				52C0E41C28E722250058A830 /* ProductCellView.swift */,
				52C0E45928E880880058A830 /* ProductCellViewModel.swift */,
				52C0E42528E7274B0058A830 /* HomeView.swift */,
				52C0E44028E84E7E0058A830 /* HomeViewModel.swift */,
			);
			path = Home;
			sourceTree = "<group>";
		};
		52C0E42F28E749EE0058A830 /* ProductDetails */ = {
			isa = PBXGroup;
			children = (
				52C0E43028E75B320058A830 /* ProductDetailsView.swift */,
				52C0E45E28E8918E0058A830 /* ProductDetailsViewModel.swift */,
			);
			path = ProductDetails;
			sourceTree = "<group>";
		};
		52C0E44228E84F300058A830 /* NavigationBar */ = {
			isa = PBXGroup;
			children = (
				52C0E44328E84F490058A830 /* NavigationBarView.swift */,
			);
			path = NavigationBar;
			sourceTree = "<group>";
		};
		52C0E44528E859990058A830 /* Network */ = {
			isa = PBXGroup;
			children = (
				52C0E44E28E85B940058A830 /* Models */,
				52C0E44B28E85B590058A830 /* Services */,
				52C0E44628E859BC0058A830 /* Core */,
			);
			path = Network;
			sourceTree = "<group>";
		};
		52C0E44628E859BC0058A830 /* Core */ = {
			isa = PBXGroup;
			children = (
				52C0E44728E859CF0058A830 /* RequestManager.swift */,
				52C0E44928E85A350058A830 /* ServiceManager.swift */,
				52C0E45528E862080058A830 /* ApiLogger.swift */,
			);
			path = Core;
			sourceTree = "<group>";
		};
		52C0E44B28E85B590058A830 /* Services */ = {
			isa = PBXGroup;
			children = (
				52C0E44C28E85B750058A830 /* ItmesService.swift */,
			);
			path = Services;
			sourceTree = "<group>";
		};
		52C0E44E28E85B940058A830 /* Models */ = {
			isa = PBXGroup;
			children = (
				52C0E44F28E85BAC0058A830 /* Item.swift */,
				52C0E45128E85D300058A830 /* ItemsResponse.swift */,
			);
			path = Models;
			sourceTree = "<group>";
		};
		52C0E45828E880190058A830 /* Coordinators */ = {
			isa = PBXGroup;
			children = (
				52C0E43928E765C00058A830 /* HomeCoordinator.swift */,
				52C0E48B28E8FB4A0058A830 /* WishlistCoordinator.swift */,
			);
			path = Coordinators;
			sourceTree = "<group>";
		};
		52C0E45B28E8828D0058A830 /* Buttons */ = {
			isa = PBXGroup;
			children = (
				52C0E43228E75CC90058A830 /* ButtonView.swift */,
				52C0E45C28E882A20058A830 /* BookmarkButtonView.swift */,
				52C0E48528E8E1590058A830 /* RemoveButton.swift */,
			);
			path = Buttons;
			sourceTree = "<group>";
		};
		52C0E46028E893720058A830 /* Wishlist */ = {
			isa = PBXGroup;
			children = (
				52C0E46128E893830058A830 /* WishlistViewModel.swift */,
				52C0E46328E893920058A830 /* WishlistView.swift */,
				52C0E48328E8DE0B0058A830 /* WishlistRowView.swift */,
			);
			path = Wishlist;
			sourceTree = "<group>";
		};
		52C0E46728E894630058A830 /* ItemsList */ = {
			isa = PBXGroup;
			children = (
				52C0E46528E8945D0058A830 /* itemsListView.swift */,
				52C0E46828E894790058A830 /* ItemsListViewModel.swift */,
			);
			path = ItemsList;
			sourceTree = "<group>";
		};
		52C0E46A28E897570058A830 /* Animation+Extentions */ = {
			isa = PBXGroup;
			children = (
				52C0E46B28E897570058A830 /* Animation+Swirl.swift */,
				52C0E46C28E897570058A830 /* Animation+Navigation.swift */,
				52C0E46D28E897570058A830 /* Transactions.swift */,
				52C0E46E28E897570058A830 /* TransitionAnimation+Defaults.swift */,
				52C0E46F28E897570058A830 /* Animation+Modal.swift */,
				52C0E47028E897570058A830 /* CGAffineTransform+InPlace.swift */,
				52C0E47128E897570058A830 /* Animation+Fade.swift */,
				52C0E47228E897570058A830 /* Animation+Scale.swift */,
			);
			path = "Animation+Extentions";
			sourceTree = "<group>";
		};
		52C0E48D28E900B90058A830 /* Theme */ = {
			isa = PBXGroup;
			children = (
				52C0E42128E725910058A830 /* ThemeManager.swift */,
			);
			path = Theme;
			sourceTree = "<group>";
		};
		52C0E48E28E900E00058A830 /* Utilities */ = {
			isa = PBXGroup;
			children = (
				52C0E48128E8D3720058A830 /* Storage.swift */,
			);
			path = Utilities;
			sourceTree = "<group>";
		};
/* End PBXGroup section */

/* Begin PBXNativeTarget section */
		52C0E40928E71CFC0058A830 /* levelShoesTest */ = {
			isa = PBXNativeTarget;
			buildConfigurationList = 52C0E41828E71CFF0058A830 /* Build configuration list for PBXNativeTarget "levelShoesTest" */;
			buildPhases = (
				52C0E40628E71CFC0058A830 /* Sources */,
				52C0E40728E71CFC0058A830 /* Frameworks */,
				52C0E40828E71CFC0058A830 /* Resources */,
			);
			buildRules = (
			);
			dependencies = (
			);
			name = levelShoesTest;
			packageProductDependencies = (
				52C0E43528E765990058A830 /* XCoordinator */,
				52C0E43728E765990058A830 /* XCoordinatorCombine */,
			);
			productName = levelShoesTest;
			productReference = 52C0E40A28E71CFC0058A830 /* levelShoesTest.app */;
			productType = "com.apple.product-type.application";
		};
/* End PBXNativeTarget section */

/* Begin PBXProject section */
		52C0E40228E71CFC0058A830 /* Project object */ = {
			isa = PBXProject;
			attributes = {
				BuildIndependentTargetsInParallel = 1;
				LastSwiftUpdateCheck = 1400;
				LastUpgradeCheck = 1400;
				TargetAttributes = {
					52C0E40928E71CFC0058A830 = {
						CreatedOnToolsVersion = 14.0.1;
					};
				};
			};
			buildConfigurationList = 52C0E40528E71CFC0058A830 /* Build configuration list for PBXProject "levelShoesTest" */;
			compatibilityVersion = "Xcode 14.0";
			developmentRegion = en;
			hasScannedForEncodings = 0;
			knownRegions = (
				en,
				Base,
			);
			mainGroup = 52C0E40128E71CFC0058A830;
			packageReferences = (
				52C0E43428E765990058A830 /* XCRemoteSwiftPackageReference "XCoordinator" */,
			);
			productRefGroup = 52C0E40B28E71CFC0058A830 /* Products */;
			projectDirPath = "";
			projectRoot = "";
			targets = (
				52C0E40928E71CFC0058A830 /* levelShoesTest */,
			);
		};
/* End PBXProject section */

/* Begin PBXResourcesBuildPhase section */
		52C0E40828E71CFC0058A830 /* Resources */ = {
			isa = PBXResourcesBuildPhase;
			buildActionMask = 2147483647;
			files = (
				52C0E41528E71CFF0058A830 /* Preview Assets.xcassets in Resources */,
				52C0E41228E71CFF0058A830 /* Assets.xcassets in Resources */,
			);
			runOnlyForDeploymentPostprocessing = 0;
		};
/* End PBXResourcesBuildPhase section */

/* Begin PBXSourcesBuildPhase section */
		52C0E40628E71CFC0058A830 /* Sources */ = {
			isa = PBXSourcesBuildPhase;
			buildActionMask = 2147483647;
			files = (
				52C0E47E28E89D410058A830 /* H2.swift in Sources */,
				52C0E44828E859CF0058A830 /* RequestManager.swift in Sources */,
				52C0E42A28E72D130058A830 /* Color+Extension.swift in Sources */,
				52C0E47628E897570058A830 /* TransitionAnimation+Defaults.swift in Sources */,
				52C0E47828E897570058A830 /* CGAffineTransform+InPlace.swift in Sources */,
				52C0E44428E84F490058A830 /* NavigationBarView.swift in Sources */,
				52C0E46228E893830058A830 /* WishlistViewModel.swift in Sources */,
				52C0E41D28E722250058A830 /* ProductCellView.swift in Sources */,
				52C0E47C28E89D010058A830 /* H1.swift in Sources */,
				52C0E44A28E85A350058A830 /* ServiceManager.swift in Sources */,
				52C0E42C28E730970058A830 /* FlexibleView.swift in Sources */,
				52C0E45628E862080058A830 /* ApiLogger.swift in Sources */,
				52C0E43F28E84A860058A830 /* AppDelegate.swift in Sources */,
				52C0E46628E8945D0058A830 /* itemsListView.swift in Sources */,
				52C0E45228E85D300058A830 /* ItemsResponse.swift in Sources */,
				52C0E45A28E880880058A830 /* ProductCellViewModel.swift in Sources */,
				52C0E47A28E897570058A830 /* Animation+Scale.swift in Sources */,
				52C0E48428E8DE0B0058A830 /* WishlistRowView.swift in Sources */,
				52C0E43A28E765C00058A830 /* HomeCoordinator.swift in Sources */,
				52C0E42628E7274B0058A830 /* HomeView.swift in Sources */,
				52C0E47428E897570058A830 /* Animation+Navigation.swift in Sources */,
				52C0E46428E893920058A830 /* WishlistView.swift in Sources */,
				52C0E45D28E882A20058A830 /* BookmarkButtonView.swift in Sources */,
				52C0E47928E897570058A830 /* Animation+Fade.swift in Sources */,
				52C0E43328E75CC90058A830 /* ButtonView.swift in Sources */,
				52C0E43D28E84A5D0058A830 /* SceneDelegate.swift in Sources */,
				52C0E45F28E8918E0058A830 /* ProductDetailsViewModel.swift in Sources */,
				52C0E48028E89DCC0058A830 /* P.swift in Sources */,
				52C0E48228E8D3720058A830 /* Storage.swift in Sources */,
				52C0E48628E8E1590058A830 /* RemoveButton.swift in Sources */,
				52C0E48828E8E4660058A830 /* Seperator.swift in Sources */,
				52C0E45428E860850058A830 /* UrlImageView.swift in Sources */,
				52C0E42228E725910058A830 /* ThemeManager.swift in Sources */,
				52C0E42E28E739650058A830 /* View+Extension.swift in Sources */,
				52C0E42828E72B830058A830 /* TagView.swift in Sources */,
				52C0E48A28E8E8100058A830 /* ProgressIndecatorView.swift in Sources */,
				52C0E44D28E85B750058A830 /* ItmesService.swift in Sources */,
				52C0E47528E897570058A830 /* Transactions.swift in Sources */,
				52C0E47328E897570058A830 /* Animation+Swirl.swift in Sources */,
				52C0E48C28E8FB4A0058A830 /* WishlistCoordinator.swift in Sources */,
				52C0E45028E85BAC0058A830 /* Item.swift in Sources */,
				52C0E44128E84E7E0058A830 /* HomeViewModel.swift in Sources */,
				52C0E43128E75B320058A830 /* ProductDetailsView.swift in Sources */,
				52C0E46928E894790058A830 /* ItemsListViewModel.swift in Sources */,
				52C0E47728E897570058A830 /* Animation+Modal.swift in Sources */,
			);
			runOnlyForDeploymentPostprocessing = 0;
		};
/* End PBXSourcesBuildPhase section */

/* Begin XCBuildConfiguration section */
		52C0E41628E71CFF0058A830 /* Debug */ = {
			isa = XCBuildConfiguration;
			buildSettings = {
				ALWAYS_SEARCH_USER_PATHS = NO;
				CLANG_ANALYZER_NONNULL = YES;
				CLANG_ANALYZER_NUMBER_OBJECT_CONVERSION = YES_AGGRESSIVE;
				CLANG_CXX_LANGUAGE_STANDARD = "gnu++20";
				CLANG_ENABLE_MODULES = YES;
				CLANG_ENABLE_OBJC_ARC = YES;
				CLANG_ENABLE_OBJC_WEAK = YES;
				CLANG_WARN_BLOCK_CAPTURE_AUTORELEASING = YES;
				CLANG_WARN_BOOL_CONVERSION = YES;
				CLANG_WARN_COMMA = YES;
				CLANG_WARN_CONSTANT_CONVERSION = YES;
				CLANG_WARN_DEPRECATED_OBJC_IMPLEMENTATIONS = YES;
				CLANG_WARN_DIRECT_OBJC_ISA_USAGE = YES_ERROR;
				CLANG_WARN_DOCUMENTATION_COMMENTS = YES;
				CLANG_WARN_EMPTY_BODY = YES;
				CLANG_WARN_ENUM_CONVERSION = YES;
				CLANG_WARN_INFINITE_RECURSION = YES;
				CLANG_WARN_INT_CONVERSION = YES;
				CLANG_WARN_NON_LITERAL_NULL_CONVERSION = YES;
				CLANG_WARN_OBJC_IMPLICIT_RETAIN_SELF = YES;
				CLANG_WARN_OBJC_LITERAL_CONVERSION = YES;
				CLANG_WARN_OBJC_ROOT_CLASS = YES_ERROR;
				CLANG_WARN_QUOTED_INCLUDE_IN_FRAMEWORK_HEADER = YES;
				CLANG_WARN_RANGE_LOOP_ANALYSIS = YES;
				CLANG_WARN_STRICT_PROTOTYPES = YES;
				CLANG_WARN_SUSPICIOUS_MOVE = YES;
				CLANG_WARN_UNGUARDED_AVAILABILITY = YES_AGGRESSIVE;
				CLANG_WARN_UNREACHABLE_CODE = YES;
				CLANG_WARN__DUPLICATE_METHOD_MATCH = YES;
				COPY_PHASE_STRIP = NO;
				DEBUG_INFORMATION_FORMAT = dwarf;
				ENABLE_STRICT_OBJC_MSGSEND = YES;
				ENABLE_TESTABILITY = YES;
				GCC_C_LANGUAGE_STANDARD = gnu11;
				GCC_DYNAMIC_NO_PIC = NO;
				GCC_NO_COMMON_BLOCKS = YES;
				GCC_OPTIMIZATION_LEVEL = 0;
				GCC_PREPROCESSOR_DEFINITIONS = (
					"DEBUG=1",
					"$(inherited)",
				);
				GCC_WARN_64_TO_32_BIT_CONVERSION = YES;
				GCC_WARN_ABOUT_RETURN_TYPE = YES_ERROR;
				GCC_WARN_UNDECLARED_SELECTOR = YES;
				GCC_WARN_UNINITIALIZED_AUTOS = YES_AGGRESSIVE;
				GCC_WARN_UNUSED_FUNCTION = YES;
				GCC_WARN_UNUSED_VARIABLE = YES;
				IPHONEOS_DEPLOYMENT_TARGET = 16.0;
				MTL_ENABLE_DEBUG_INFO = INCLUDE_SOURCE;
				MTL_FAST_MATH = YES;
				ONLY_ACTIVE_ARCH = YES;
				SDKROOT = iphoneos;
				SWIFT_ACTIVE_COMPILATION_CONDITIONS = DEBUG;
				SWIFT_OPTIMIZATION_LEVEL = "-Onone";
			};
			name = Debug;
		};
		52C0E41728E71CFF0058A830 /* Release */ = {
			isa = XCBuildConfiguration;
			buildSettings = {
				ALWAYS_SEARCH_USER_PATHS = NO;
				CLANG_ANALYZER_NONNULL = YES;
				CLANG_ANALYZER_NUMBER_OBJECT_CONVERSION = YES_AGGRESSIVE;
				CLANG_CXX_LANGUAGE_STANDARD = "gnu++20";
				CLANG_ENABLE_MODULES = YES;
				CLANG_ENABLE_OBJC_ARC = YES;
				CLANG_ENABLE_OBJC_WEAK = YES;
				CLANG_WARN_BLOCK_CAPTURE_AUTORELEASING = YES;
				CLANG_WARN_BOOL_CONVERSION = YES;
				CLANG_WARN_COMMA = YES;
				CLANG_WARN_CONSTANT_CONVERSION = YES;
				CLANG_WARN_DEPRECATED_OBJC_IMPLEMENTATIONS = YES;
				CLANG_WARN_DIRECT_OBJC_ISA_USAGE = YES_ERROR;
				CLANG_WARN_DOCUMENTATION_COMMENTS = YES;
				CLANG_WARN_EMPTY_BODY = YES;
				CLANG_WARN_ENUM_CONVERSION = YES;
				CLANG_WARN_INFINITE_RECURSION = YES;
				CLANG_WARN_INT_CONVERSION = YES;
				CLANG_WARN_NON_LITERAL_NULL_CONVERSION = YES;
				CLANG_WARN_OBJC_IMPLICIT_RETAIN_SELF = YES;
				CLANG_WARN_OBJC_LITERAL_CONVERSION = YES;
				CLANG_WARN_OBJC_ROOT_CLASS = YES_ERROR;
				CLANG_WARN_QUOTED_INCLUDE_IN_FRAMEWORK_HEADER = YES;
				CLANG_WARN_RANGE_LOOP_ANALYSIS = YES;
				CLANG_WARN_STRICT_PROTOTYPES = YES;
				CLANG_WARN_SUSPICIOUS_MOVE = YES;
				CLANG_WARN_UNGUARDED_AVAILABILITY = YES_AGGRESSIVE;
				CLANG_WARN_UNREACHABLE_CODE = YES;
				CLANG_WARN__DUPLICATE_METHOD_MATCH = YES;
				COPY_PHASE_STRIP = NO;
				DEBUG_INFORMATION_FORMAT = "dwarf-with-dsym";
				ENABLE_NS_ASSERTIONS = NO;
				ENABLE_STRICT_OBJC_MSGSEND = YES;
				GCC_C_LANGUAGE_STANDARD = gnu11;
				GCC_NO_COMMON_BLOCKS = YES;
				GCC_WARN_64_TO_32_BIT_CONVERSION = YES;
				GCC_WARN_ABOUT_RETURN_TYPE = YES_ERROR;
				GCC_WARN_UNDECLARED_SELECTOR = YES;
				GCC_WARN_UNINITIALIZED_AUTOS = YES_AGGRESSIVE;
				GCC_WARN_UNUSED_FUNCTION = YES;
				GCC_WARN_UNUSED_VARIABLE = YES;
				IPHONEOS_DEPLOYMENT_TARGET = 16.0;
				MTL_ENABLE_DEBUG_INFO = NO;
				MTL_FAST_MATH = YES;
				SDKROOT = iphoneos;
				SWIFT_COMPILATION_MODE = wholemodule;
				SWIFT_OPTIMIZATION_LEVEL = "-O";
				VALIDATE_PRODUCT = YES;
			};
			name = Release;
		};
		52C0E41928E71CFF0058A830 /* Debug */ = {
			isa = XCBuildConfiguration;
			buildSettings = {
				ASSETCATALOG_COMPILER_APPICON_NAME = AppIcon;
				ASSETCATALOG_COMPILER_GLOBAL_ACCENT_COLOR_NAME = AccentColor;
				CODE_SIGN_STYLE = Automatic;
				CURRENT_PROJECT_VERSION = 1;
				DEVELOPMENT_ASSET_PATHS = "\"levelShoesTest/Preview Content\"";
				DEVELOPMENT_TEAM = N28Q3CPU4T;
				ENABLE_PREVIEWS = YES;
				GENERATE_INFOPLIST_FILE = YES;
				INFOPLIST_FILE = levelShoesTest/Info.plist;
				INFOPLIST_KEY_UIApplicationSupportsIndirectInputEvents = YES;
				INFOPLIST_KEY_UILaunchScreen_Generation = YES;
				INFOPLIST_KEY_UISupportedInterfaceOrientations_iPad = "UIInterfaceOrientationPortrait UIInterfaceOrientationPortraitUpsideDown UIInterfaceOrientationLandscapeLeft UIInterfaceOrientationLandscapeRight";
				INFOPLIST_KEY_UISupportedInterfaceOrientations_iPhone = "UIInterfaceOrientationPortrait UIInterfaceOrientationLandscapeLeft UIInterfaceOrientationLandscapeRight";
				LD_RUNPATH_SEARCH_PATHS = (
					"$(inherited)",
					"@executable_path/Frameworks",
				);
				MARKETING_VERSION = 1.0;
				PRODUCT_BUNDLE_IDENTIFIER = nabil.levelShoesTest;
				PRODUCT_NAME = "$(TARGET_NAME)";
				SWIFT_EMIT_LOC_STRINGS = YES;
				SWIFT_VERSION = 5.0;
				TARGETED_DEVICE_FAMILY = "1,2";
			};
			name = Debug;
		};
		52C0E41A28E71CFF0058A830 /* Release */ = {
			isa = XCBuildConfiguration;
			buildSettings = {
				ASSETCATALOG_COMPILER_APPICON_NAME = AppIcon;
				ASSETCATALOG_COMPILER_GLOBAL_ACCENT_COLOR_NAME = AccentColor;
				CODE_SIGN_STYLE = Automatic;
				CURRENT_PROJECT_VERSION = 1;
				DEVELOPMENT_ASSET_PATHS = "\"levelShoesTest/Preview Content\"";
				DEVELOPMENT_TEAM = N28Q3CPU4T;
				ENABLE_PREVIEWS = YES;
				GENERATE_INFOPLIST_FILE = YES;
				INFOPLIST_FILE = levelShoesTest/Info.plist;
				INFOPLIST_KEY_UIApplicationSupportsIndirectInputEvents = YES;
				INFOPLIST_KEY_UILaunchScreen_Generation = YES;
				INFOPLIST_KEY_UISupportedInterfaceOrientations_iPad = "UIInterfaceOrientationPortrait UIInterfaceOrientationPortraitUpsideDown UIInterfaceOrientationLandscapeLeft UIInterfaceOrientationLandscapeRight";
				INFOPLIST_KEY_UISupportedInterfaceOrientations_iPhone = "UIInterfaceOrientationPortrait UIInterfaceOrientationLandscapeLeft UIInterfaceOrientationLandscapeRight";
				LD_RUNPATH_SEARCH_PATHS = (
					"$(inherited)",
					"@executable_path/Frameworks",
				);
				MARKETING_VERSION = 1.0;
				PRODUCT_BUNDLE_IDENTIFIER = nabil.levelShoesTest;
				PRODUCT_NAME = "$(TARGET_NAME)";
				SWIFT_EMIT_LOC_STRINGS = YES;
				SWIFT_VERSION = 5.0;
				TARGETED_DEVICE_FAMILY = "1,2";
			};
			name = Release;
		};
/* End XCBuildConfiguration section */

/* Begin XCConfigurationList section */
		52C0E40528E71CFC0058A830 /* Build configuration list for PBXProject "levelShoesTest" */ = {
			isa = XCConfigurationList;
			buildConfigurations = (
				52C0E41628E71CFF0058A830 /* Debug */,
				52C0E41728E71CFF0058A830 /* Release */,
			);
			defaultConfigurationIsVisible = 0;
			defaultConfigurationName = Release;
		};
		52C0E41828E71CFF0058A830 /* Build configuration list for PBXNativeTarget "levelShoesTest" */ = {
			isa = XCConfigurationList;
			buildConfigurations = (
				52C0E41928E71CFF0058A830 /* Debug */,
				52C0E41A28E71CFF0058A830 /* Release */,
			);
			defaultConfigurationIsVisible = 0;
			defaultConfigurationName = Release;
		};
/* End XCConfigurationList section */

/* Begin XCRemoteSwiftPackageReference section */
		52C0E43428E765990058A830 /* XCRemoteSwiftPackageReference "XCoordinator" */ = {
			isa = XCRemoteSwiftPackageReference;
			repositoryURL = "https://github.com/quickbirdstudios/XCoordinator.git";
			requirement = {
				branch = master;
				kind = branch;
			};
		};
/* End XCRemoteSwiftPackageReference section */

/* Begin XCSwiftPackageProductDependency section */
		52C0E43528E765990058A830 /* XCoordinator */ = {
			isa = XCSwiftPackageProductDependency;
			package = 52C0E43428E765990058A830 /* XCRemoteSwiftPackageReference "XCoordinator" */;
			productName = XCoordinator;
		};
		52C0E43728E765990058A830 /* XCoordinatorCombine */ = {
			isa = XCSwiftPackageProductDependency;
			package = 52C0E43428E765990058A830 /* XCRemoteSwiftPackageReference "XCoordinator" */;
			productName = XCoordinatorCombine;
		};
/* End XCSwiftPackageProductDependency section */
	};
	rootObject = 52C0E40228E71CFC0058A830 /* Project object */;
}
